
Microsoft Visual Studio Solution File, Format Version 12.00
# Visual Studio Version 17
VisualStudioVersion = 17.0.31903.59
MinimumVisualStudioVersion = 10.0.40219.1
Project("{FAE04EC0-301F-11D3-BF4B-00C04F79EFBC}") = "API", "API\API.csproj", "{0E345E02-CF44-4624-926A-1B16256E0494}"
EndProject
Project("{FAE04EC0-301F-11D3-BF4B-00C04F79EFBC}") = "Core", "Core\Core.csproj", "{3D2E3343-EB1E-455D-B26E-48429EE9E261}"
EndProject
Project("{FAE04EC0-301F-11D3-BF4B-00C04F79EFBC}") = "Infrastructure", "Infrastructure\Infrastructure.csproj", "{39376994-8B5A-485B-80CC-D298553D8A6A}"
EndProject
Global
	GlobalSection(SolutionConfigurationPlatforms) = preSolution
		Debug|Any CPU = Debug|Any CPU
		Debug|x64 = Debug|x64
		Debug|x86 = Debug|x86
		Release|Any CPU = Release|Any CPU
		Release|x64 = Release|x64
		Release|x86 = Release|x86
	EndGlobalSection
	GlobalSection(ProjectConfigurationPlatforms) = postSolution
		{0E345E02-CF44-4624-926A-1B16256E0494}.Debug|Any CPU.ActiveCfg = Debug|Any CPU
		{0E345E02-CF44-4624-926A-1B16256E0494}.Debug|Any CPU.Build.0 = Debug|Any CPU
		{0E345E02-CF44-4624-926A-1B16256E0494}.Debug|x64.ActiveCfg = Debug|Any CPU
		{0E345E02-CF44-4624-926A-1B16256E0494}.Debug|x64.Build.0 = Debug|Any CPU
		{0E345E02-CF44-4624-926A-1B16256E0494}.Debug|x86.ActiveCfg = Debug|Any CPU
		{0E345E02-CF44-4624-926A-1B16256E0494}.Debug|x86.Build.0 = Debug|Any CPU
		{0E345E02-CF44-4624-926A-1B16256E0494}.Release|Any CPU.ActiveCfg = Release|Any CPU
		{0E345E02-CF44-4624-926A-1B16256E0494}.Release|Any CPU.Build.0 = Release|Any CPU
		{0E345E02-CF44-4624-926A-1B16256E0494}.Release|x64.ActiveCfg = Release|Any CPU
		{0E345E02-CF44-4624-926A-1B16256E0494}.Release|x64.Build.0 = Release|Any CPU
		{0E345E02-CF44-4624-926A-1B16256E0494}.Release|x86.ActiveCfg = Release|Any CPU
		{0E345E02-CF44-4624-926A-1B16256E0494}.Release|x86.Build.0 = Release|Any CPU
		{3D2E3343-EB1E-455D-B26E-48429EE9E261}.Debug|Any CPU.ActiveCfg = Debug|Any CPU
		{3D2E3343-EB1E-455D-B26E-48429EE9E261}.Debug|Any CPU.Build.0 = Debug|Any CPU
		{3D2E3343-EB1E-455D-B26E-48429EE9E261}.Debug|x64.ActiveCfg = Debug|Any CPU
		{3D2E3343-EB1E-455D-B26E-48429EE9E261}.Debug|x64.Build.0 = Debug|Any CPU
		{3D2E3343-EB1E-455D-B26E-48429EE9E261}.Debug|x86.ActiveCfg = Debug|Any CPU
		{3D2E3343-EB1E-455D-B26E-48429EE9E261}.Debug|x86.Build.0 = Debug|Any CPU
		{3D2E3343-EB1E-455D-B26E-48429EE9E261}.Release|Any CPU.ActiveCfg = Release|Any CPU
		{3D2E3343-EB1E-455D-B26E-48429EE9E261}.Release|Any CPU.Build.0 = Release|Any CPU
		{3D2E3343-EB1E-455D-B26E-48429EE9E261}.Release|x64.ActiveCfg = Release|Any CPU
		{3D2E3343-EB1E-455D-B26E-48429EE9E261}.Release|x64.Build.0 = Release|Any CPU
		{3D2E3343-EB1E-455D-B26E-48429EE9E261}.Release|x86.ActiveCfg = Release|Any CPU
		{3D2E3343-EB1E-455D-B26E-48429EE9E261}.Release|x86.Build.0 = Release|Any CPU
		{39376994-8B5A-485B-80CC-D298553D8A6A}.Debug|Any CPU.ActiveCfg = Debug|Any CPU
		{39376994-8B5A-485B-80CC-D298553D8A6A}.Debug|Any CPU.Build.0 = Debug|Any CPU
		{39376994-8B5A-485B-80CC-D298553D8A6A}.Debug|x64.ActiveCfg = Debug|Any CPU
		{39376994-8B5A-485B-80CC-D298553D8A6A}.Debug|x64.Build.0 = Debug|Any CPU
		{39376994-8B5A-485B-80CC-D298553D8A6A}.Debug|x86.ActiveCfg = Debug|Any CPU
		{39376994-8B5A-485B-80CC-D298553D8A6A}.Debug|x86.Build.0 = Debug|Any CPU
		{39376994-8B5A-485B-80CC-D298553D8A6A}.Release|Any CPU.ActiveCfg = Release|Any CPU
		{39376994-8B5A-485B-80CC-D298553D8A6A}.Release|Any CPU.Build.0 = Release|Any CPU
		{39376994-8B5A-485B-80CC-D298553D8A6A}.Release|x64.ActiveCfg = Release|Any CPU
		{39376994-8B5A-485B-80CC-D298553D8A6A}.Release|x64.Build.0 = Release|Any CPU
		{39376994-8B5A-485B-80CC-D298553D8A6A}.Release|x86.ActiveCfg = Release|Any CPU
		{39376994-8B5A-485B-80CC-D298553D8A6A}.Release|x86.Build.0 = Release|Any CPU
	EndGlobalSection
	GlobalSection(SolutionProperties) = preSolution
		HideSolutionNode = FALSE
	EndGlobalSection
EndGlobal
